// !$*UTF8*$!
{
	archiveVersion = 1;
	classes = {
	};
	objectVersion = 55;
	objects = {

/* Begin PBXBuildFile section */
		15055259288C3B9600BFE0A7 /* HomeView.swift in Sources */ = {isa = PBXBuildFile; fileRef = 15055258288C3B9600BFE0A7 /* HomeView.swift */; };
		152A702D288A98D1001CC949 /* StopWatchView.swift in Sources */ = {isa = PBXBuildFile; fileRef = 152A702C288A98D1001CC949 /* StopWatchView.swift */; };
		152A702F288A9F3F001CC949 /* StopWatch.swift in Sources */ = {isa = PBXBuildFile; fileRef = 152A702E288A9F3F001CC949 /* StopWatch.swift */; };
		152A7031288AD7F2001CC949 /* StopWatchController.swift in Sources */ = {isa = PBXBuildFile; fileRef = 152A7030288AD7F2001CC949 /* StopWatchController.swift */; };
		152A7033288BB60A001CC949 /* QRCodeView.swift in Sources */ = {isa = PBXBuildFile; fileRef = 152A7032288BB60A001CC949 /* QRCodeView.swift */; };
		152A7035288BB675001CC949 /* QRScanner.swift in Sources */ = {isa = PBXBuildFile; fileRef = 152A7034288BB675001CC949 /* QRScanner.swift */; };
		152A7037288BB6DF001CC949 /* QRScannerController.swift in Sources */ = {isa = PBXBuildFile; fileRef = 152A7036288BB6DF001CC949 /* QRScannerController.swift */; };
		152A703A288BC263001CC949 /* QrCodeCameraDelegate.swift in Sources */ = {isa = PBXBuildFile; fileRef = 152A7039288BC263001CC949 /* QrCodeCameraDelegate.swift */; };
		152A7041288BC7F5001CC949 /* CameraPreview.swift in Sources */ = {isa = PBXBuildFile; fileRef = 152A7040288BC7F5001CC949 /* CameraPreview.swift */; };
		152A7043288BD0FE001CC949 /* QrCodeScannerView.swift in Sources */ = {isa = PBXBuildFile; fileRef = 152A7042288BD0FE001CC949 /* QrCodeScannerView.swift */; };
		15AFA8DA2885CC1F0065415E /* StudySwiftUI.swift in Sources */ = {isa = PBXBuildFile; fileRef = 15AFA8D92885CC1F0065415E /* StudySwiftUI.swift */; };
		15AFA8DC2885CC1F0065415E /* ContentView.swift in Sources */ = {isa = PBXBuildFile; fileRef = 15AFA8DB2885CC1F0065415E /* ContentView.swift */; };
		15AFA8DE2885CC210065415E /* Assets.xcassets in Resources */ = {isa = PBXBuildFile; fileRef = 15AFA8DD2885CC210065415E /* Assets.xcassets */; };
		15AFA8E12885CC210065415E /* Preview Assets.xcassets in Resources */ = {isa = PBXBuildFile; fileRef = 15AFA8E02885CC210065415E /* Preview Assets.xcassets */; };
/* End PBXBuildFile section */

/* Begin PBXFileReference section */
		15055258288C3B9600BFE0A7 /* HomeView.swift */ = {isa = PBXFileReference; lastKnownFileType = sourcecode.swift; path = HomeView.swift; sourceTree = "<group>"; };
		152A702C288A98D1001CC949 /* StopWatchView.swift */ = {isa = PBXFileReference; lastKnownFileType = sourcecode.swift; path = StopWatchView.swift; sourceTree = "<group>"; };
		152A702E288A9F3F001CC949 /* StopWatch.swift */ = {isa = PBXFileReference; lastKnownFileType = sourcecode.swift; path = StopWatch.swift; sourceTree = "<group>"; };
		152A7030288AD7F2001CC949 /* StopWatchController.swift */ = {isa = PBXFileReference; lastKnownFileType = sourcecode.swift; path = StopWatchController.swift; sourceTree = "<group>"; };
		152A7032288BB60A001CC949 /* QRCodeView.swift */ = {isa = PBXFileReference; lastKnownFileType = sourcecode.swift; path = QRCodeView.swift; sourceTree = "<group>"; };
		152A7034288BB675001CC949 /* QRScanner.swift */ = {isa = PBXFileReference; lastKnownFileType = sourcecode.swift; path = QRScanner.swift; sourceTree = "<group>"; };
		152A7036288BB6DF001CC949 /* QRScannerController.swift */ = {isa = PBXFileReference; lastKnownFileType = sourcecode.swift; path = QRScannerController.swift; sourceTree = "<group>"; };
		152A7039288BC263001CC949 /* QrCodeCameraDelegate.swift */ = {isa = PBXFileReference; lastKnownFileType = sourcecode.swift; path = QrCodeCameraDelegate.swift; sourceTree = "<group>"; };
		152A7040288BC7F5001CC949 /* CameraPreview.swift */ = {isa = PBXFileReference; lastKnownFileType = sourcecode.swift; path = CameraPreview.swift; sourceTree = "<group>"; };
		152A7042288BD0FE001CC949 /* QrCodeScannerView.swift */ = {isa = PBXFileReference; lastKnownFileType = sourcecode.swift; path = QrCodeScannerView.swift; sourceTree = "<group>"; };
		15AFA8D62885CC1F0065415E /* StudySwiftUI.app */ = {isa = PBXFileReference; explicitFileType = wrapper.application; includeInIndex = 0; path = StudySwiftUI.app; sourceTree = BUILT_PRODUCTS_DIR; };
		15AFA8D92885CC1F0065415E /* StudySwiftUI.swift */ = {isa = PBXFileReference; lastKnownFileType = sourcecode.swift; path = StudySwiftUI.swift; sourceTree = "<group>"; };
		15AFA8DB2885CC1F0065415E /* ContentView.swift */ = {isa = PBXFileReference; lastKnownFileType = sourcecode.swift; path = ContentView.swift; sourceTree = "<group>"; };
		15AFA8DD2885CC210065415E /* Assets.xcassets */ = {isa = PBXFileReference; lastKnownFileType = folder.assetcatalog; path = Assets.xcassets; sourceTree = "<group>"; };
		15AFA8E02885CC210065415E /* Preview Assets.xcassets */ = {isa = PBXFileReference; lastKnownFileType = folder.assetcatalog; path = "Preview Assets.xcassets"; sourceTree = "<group>"; };
/* End PBXFileReference section */

/* Begin PBXFrameworksBuildPhase section */
		15AFA8D32885CC1F0065415E /* Frameworks */ = {
			isa = PBXFrameworksBuildPhase;
			buildActionMask = 2147483647;
			files = (
			);
			runOnlyForDeploymentPostprocessing = 0;
		};
/* End PBXFrameworksBuildPhase section */

/* Begin PBXGroup section */
		152A7029288A9318001CC949 /* View */ = {
			isa = PBXGroup;
			children = (
				152A702C288A98D1001CC949 /* StopWatchView.swift */,
				152A7032288BB60A001CC949 /* QRCodeView.swift */,
				15055258288C3B9600BFE0A7 /* HomeView.swift */,
			);
			path = View;
			sourceTree = "<group>";
		};
		152A702A288A932B001CC949 /* Model */ = {
			isa = PBXGroup;
			children = (
				152A702E288A9F3F001CC949 /* StopWatch.swift */,
				152A7034288BB675001CC949 /* QRScanner.swift */,
			);
			path = Model;
			sourceTree = "<group>";
		};
		152A702B288A961F001CC949 /* Controller */ = {
			isa = PBXGroup;
			children = (
				152A7030288AD7F2001CC949 /* StopWatchController.swift */,
				152A7036288BB6DF001CC949 /* QRScannerController.swift */,
			);
			path = Controller;
			sourceTree = "<group>";
		};
		152A7038288BC22A001CC949 /* utils */ = {
			isa = PBXGroup;
			children = (
				152A703B288BC726001CC949 /* QRCodeScanner */,
			);
			path = utils;
			sourceTree = "<group>";
		};
		152A703B288BC726001CC949 /* QRCodeScanner */ = {
			isa = PBXGroup;
			children = (
				152A7039288BC263001CC949 /* QrCodeCameraDelegate.swift */,
				152A7040288BC7F5001CC949 /* CameraPreview.swift */,
				152A7042288BD0FE001CC949 /* QrCodeScannerView.swift */,
			);
			path = QRCodeScanner;
			sourceTree = "<group>";
		};
		15AFA8CD2885CC1F0065415E = {
			isa = PBXGroup;
			children = (
				15AFA8D82885CC1F0065415E /* StudySwiftUI */,
				15AFA8D72885CC1F0065415E /* Products */,
			);
			sourceTree = "<group>";
		};
		15AFA8D72885CC1F0065415E /* Products */ = {
			isa = PBXGroup;
			children = (
				15AFA8D62885CC1F0065415E /* StudySwiftUI.app */,
			);
			name = Products;
			sourceTree = "<group>";
		};
		15AFA8D82885CC1F0065415E /* StudySwiftUI */ = {
			isa = PBXGroup;
			children = (
				15AFA8D92885CC1F0065415E /* StudySwiftUI.swift */,
				15AFA8DB2885CC1F0065415E /* ContentView.swift */,
				152A7038288BC22A001CC949 /* utils */,
				152A702B288A961F001CC949 /* Controller */,
				152A702A288A932B001CC949 /* Model */,
				152A7029288A9318001CC949 /* View */,
				15AFA8DD2885CC210065415E /* Assets.xcassets */,
				15AFA8DF2885CC210065415E /* Preview Content */,
			);
			path = StudySwiftUI;
			sourceTree = "<group>";
		};
		15AFA8DF2885CC210065415E /* Preview Content */ = {
			isa = PBXGroup;
			children = (
				15AFA8E02885CC210065415E /* Preview Assets.xcassets */,
			);
			path = "Preview Content";
			sourceTree = "<group>";
		};
/* End PBXGroup section */

/* Begin PBXNativeTarget section */
		15AFA8D52885CC1F0065415E /* StudySwiftUI */ = {
			isa = PBXNativeTarget;
			buildConfigurationList = 15AFA8E42885CC210065415E /* Build configuration list for PBXNativeTarget "StudySwiftUI" */;
			buildPhases = (
				15AFA8D22885CC1F0065415E /* Sources */,
				15AFA8D32885CC1F0065415E /* Frameworks */,
				15AFA8D42885CC1F0065415E /* Resources */,
			);
			buildRules = (
			);
			dependencies = (
			);
			name = StudySwiftUI;
			productName = Timer;
			productReference = 15AFA8D62885CC1F0065415E /* StudySwiftUI.app */;
			productType = "com.apple.product-type.application";
		};
/* End PBXNativeTarget section */

/* Begin PBXProject section */
		15AFA8CE2885CC1F0065415E /* Project object */ = {
			isa = PBXProject;
			attributes = {
				BuildIndependentTargetsInParallel = 1;
				LastSwiftUpdateCheck = 1320;
				LastUpgradeCheck = 1320;
				TargetAttributes = {
					15AFA8D52885CC1F0065415E = {
						CreatedOnToolsVersion = 13.2.1;
					};
				};
			};
			buildConfigurationList = 15AFA8D12885CC1F0065415E /* Build configuration list for PBXProject "StudySwiftUI" */;
			compatibilityVersion = "Xcode 13.0";
			developmentRegion = en;
			hasScannedForEncodings = 0;
			knownRegions = (
				en,
				Base,
			);
			mainGroup = 15AFA8CD2885CC1F0065415E;
			productRefGroup = 15AFA8D72885CC1F0065415E /* Products */;
			projectDirPath = "";
			projectRoot = "";
			targets = (
				15AFA8D52885CC1F0065415E /* StudySwiftUI */,
			);
		};
/* End PBXProject section */

/* Begin PBXResourcesBuildPhase section */
		15AFA8D42885CC1F0065415E /* Resources */ = {
			isa = PBXResourcesBuildPhase;
			buildActionMask = 2147483647;
			files = (
				15AFA8E12885CC210065415E /* Preview Assets.xcassets in Resources */,
				15AFA8DE2885CC210065415E /* Assets.xcassets in Resources */,
			);
			runOnlyForDeploymentPostprocessing = 0;
		};
/* End PBXResourcesBuildPhase section */

/* Begin PBXSourcesBuildPhase section */
		15AFA8D22885CC1F0065415E /* Sources */ = {
			isa = PBXSourcesBuildPhase;
			buildActionMask = 2147483647;
			files = (
				152A7033288BB60A001CC949 /* QRCodeView.swift in Sources */,
				152A7031288AD7F2001CC949 /* StopWatchController.swift in Sources */,
				152A702D288A98D1001CC949 /* StopWatchView.swift in Sources */,
				15AFA8DC2885CC1F0065415E /* ContentView.swift in Sources */,
				15AFA8DA2885CC1F0065415E /* StudySwiftUI.swift in Sources */,
				152A7041288BC7F5001CC949 /* CameraPreview.swift in Sources */,
				152A7037288BB6DF001CC949 /* QRScannerController.swift in Sources */,
				152A7043288BD0FE001CC949 /* QrCodeScannerView.swift in Sources */,
				152A703A288BC263001CC949 /* QrCodeCameraDelegate.swift in Sources */,
				15055259288C3B9600BFE0A7 /* HomeView.swift in Sources */,
				152A7035288BB675001CC949 /* QRScanner.swift in Sources */,
				152A702F288A9F3F001CC949 /* StopWatch.swift in Sources */,
			);
			runOnlyForDeploymentPostprocessing = 0;
		};
/* End PBXSourcesBuildPhase section */

/* Begin XCBuildConfiguration section */
		15AFA8E22885CC210065415E /* Debug */ = {
			isa = XCBuildConfiguration;
			buildSettings = {
				ALWAYS_SEARCH_USER_PATHS = NO;
				CLANG_ANALYZER_NONNULL = YES;
				CLANG_ANALYZER_NUMBER_OBJECT_CONVERSION = YES_AGGRESSIVE;
				CLANG_CXX_LANGUAGE_STANDARD = "gnu++17";
				CLANG_CXX_LIBRARY = "libc++";
				CLANG_ENABLE_MODULES = YES;
				CLANG_ENABLE_OBJC_ARC = YES;
				CLANG_ENABLE_OBJC_WEAK = YES;
				CLANG_WARN_BLOCK_CAPTURE_AUTORELEASING = YES;
				CLANG_WARN_BOOL_CONVERSION = YES;
				CLANG_WARN_COMMA = YES;
				CLANG_WARN_CONSTANT_CONVERSION = YES;
				CLANG_WARN_DEPRECATED_OBJC_IMPLEMENTATIONS = YES;
				CLANG_WARN_DIRECT_OBJC_ISA_USAGE = YES_ERROR;
				CLANG_WARN_DOCUMENTATION_COMMENTS = YES;
				CLANG_WARN_EMPTY_BODY = YES;
				CLANG_WARN_ENUM_CONVERSION = YES;
				CLANG_WARN_INFINITE_RECURSION = YES;
				CLANG_WARN_INT_CONVERSION = YES;
				CLANG_WARN_NON_LITERAL_NULL_CONVERSION = YES;
				CLANG_WARN_OBJC_IMPLICIT_RETAIN_SELF = YES;
				CLANG_WARN_OBJC_LITERAL_CONVERSION = YES;
				CLANG_WARN_OBJC_ROOT_CLASS = YES_ERROR;
				CLANG_WARN_QUOTED_INCLUDE_IN_FRAMEWORK_HEADER = YES;
				CLANG_WARN_RANGE_LOOP_ANALYSIS = YES;
				CLANG_WARN_STRICT_PROTOTYPES = YES;
				CLANG_WARN_SUSPICIOUS_MOVE = YES;
				CLANG_WARN_UNGUARDED_AVAILABILITY = YES_AGGRESSIVE;
				CLANG_WARN_UNREACHABLE_CODE = YES;
				CLANG_WARN__DUPLICATE_METHOD_MATCH = YES;
				COPY_PHASE_STRIP = NO;
				DEBUG_INFORMATION_FORMAT = dwarf;
				ENABLE_STRICT_OBJC_MSGSEND = YES;
				ENABLE_TESTABILITY = YES;
				GCC_C_LANGUAGE_STANDARD = gnu11;
				GCC_DYNAMIC_NO_PIC = NO;
				GCC_NO_COMMON_BLOCKS = YES;
				GCC_OPTIMIZATION_LEVEL = 0;
				GCC_PREPROCESSOR_DEFINITIONS = (
					"DEBUG=1",
					"$(inherited)",
				);
				GCC_WARN_64_TO_32_BIT_CONVERSION = YES;
				GCC_WARN_ABOUT_RETURN_TYPE = YES_ERROR;
				GCC_WARN_UNDECLARED_SELECTOR = YES;
				GCC_WARN_UNINITIALIZED_AUTOS = YES_AGGRESSIVE;
				GCC_WARN_UNUSED_FUNCTION = YES;
				GCC_WARN_UNUSED_VARIABLE = YES;
				IPHONEOS_DEPLOYMENT_TARGET = 15.2;
				MTL_ENABLE_DEBUG_INFO = INCLUDE_SOURCE;
				MTL_FAST_MATH = YES;
				ONLY_ACTIVE_ARCH = YES;
				SDKROOT = iphoneos;
				SWIFT_ACTIVE_COMPILATION_CONDITIONS = DEBUG;
				SWIFT_OPTIMIZATION_LEVEL = "-Onone";
			};
			name = Debug;
		};
		15AFA8E32885CC210065415E /* Release */ = {
			isa = XCBuildConfiguration;
			buildSettings = {
				ALWAYS_SEARCH_USER_PATHS = NO;
				CLANG_ANALYZER_NONNULL = YES;
				CLANG_ANALYZER_NUMBER_OBJECT_CONVERSION = YES_AGGRESSIVE;
				CLANG_CXX_LANGUAGE_STANDARD = "gnu++17";
				CLANG_CXX_LIBRARY = "libc++";
				CLANG_ENABLE_MODULES = YES;
				CLANG_ENABLE_OBJC_ARC = YES;
				CLANG_ENABLE_OBJC_WEAK = YES;
				CLANG_WARN_BLOCK_CAPTURE_AUTORELEASING = YES;
				CLANG_WARN_BOOL_CONVERSION = YES;
				CLANG_WARN_COMMA = YES;
				CLANG_WARN_CONSTANT_CONVERSION = YES;
				CLANG_WARN_DEPRECATED_OBJC_IMPLEMENTATIONS = YES;
				CLANG_WARN_DIRECT_OBJC_ISA_USAGE = YES_ERROR;
				CLANG_WARN_DOCUMENTATION_COMMENTS = YES;
				CLANG_WARN_EMPTY_BODY = YES;
				CLANG_WARN_ENUM_CONVERSION = YES;
				CLANG_WARN_INFINITE_RECURSION = YES;
				CLANG_WARN_INT_CONVERSION = YES;
				CLANG_WARN_NON_LITERAL_NULL_CONVERSION = YES;
				CLANG_WARN_OBJC_IMPLICIT_RETAIN_SELF = YES;
				CLANG_WARN_OBJC_LITERAL_CONVERSION = YES;
				CLANG_WARN_OBJC_ROOT_CLASS = YES_ERROR;
				CLANG_WARN_QUOTED_INCLUDE_IN_FRAMEWORK_HEADER = YES;
				CLANG_WARN_RANGE_LOOP_ANALYSIS = YES;
				CLANG_WARN_STRICT_PROTOTYPES = YES;
				CLANG_WARN_SUSPICIOUS_MOVE = YES;
				CLANG_WARN_UNGUARDED_AVAILABILITY = YES_AGGRESSIVE;
				CLANG_WARN_UNREACHABLE_CODE = YES;
				CLANG_WARN__DUPLICATE_METHOD_MATCH = YES;
				COPY_PHASE_STRIP = NO;
				DEBUG_INFORMATION_FORMAT = "dwarf-with-dsym";
				ENABLE_NS_ASSERTIONS = NO;
				ENABLE_STRICT_OBJC_MSGSEND = YES;
				GCC_C_LANGUAGE_STANDARD = gnu11;
				GCC_NO_COMMON_BLOCKS = YES;
				GCC_WARN_64_TO_32_BIT_CONVERSION = YES;
				GCC_WARN_ABOUT_RETURN_TYPE = YES_ERROR;
				GCC_WARN_UNDECLARED_SELECTOR = YES;
				GCC_WARN_UNINITIALIZED_AUTOS = YES_AGGRESSIVE;
				GCC_WARN_UNUSED_FUNCTION = YES;
				GCC_WARN_UNUSED_VARIABLE = YES;
				IPHONEOS_DEPLOYMENT_TARGET = 15.2;
				MTL_ENABLE_DEBUG_INFO = NO;
				MTL_FAST_MATH = YES;
				SDKROOT = iphoneos;
				SWIFT_COMPILATION_MODE = wholemodule;
				SWIFT_OPTIMIZATION_LEVEL = "-O";
				VALIDATE_PRODUCT = YES;
			};
			name = Release;
		};
		15AFA8E52885CC210065415E /* Debug */ = {
			isa = XCBuildConfiguration;
			buildSettings = {
				ASSETCATALOG_COMPILER_APPICON_NAME = AppIcon;
				ASSETCATALOG_COMPILER_GLOBAL_ACCENT_COLOR_NAME = AccentColor;
				CODE_SIGN_STYLE = Automatic;
				CURRENT_PROJECT_VERSION = 1;
				DEVELOPMENT_ASSET_PATHS = "\"StudySwiftUI/Preview Content\"";
				DEVELOPMENT_TEAM = H775UHZBPS;
				ENABLE_PREVIEWS = YES;
				GENERATE_INFOPLIST_FILE = YES;
				INFOPLIST_KEY_NSCameraUsageDescription = "QRCodeを読み取る為に使用します。";
				INFOPLIST_KEY_UIApplicationSceneManifest_Generation = YES;
				INFOPLIST_KEY_UIApplicationSupportsIndirectInputEvents = YES;
				INFOPLIST_KEY_UILaunchScreen_Generation = YES;
				INFOPLIST_KEY_UISupportedInterfaceOrientations_iPad = "UIInterfaceOrientationPortrait UIInterfaceOrientationPortraitUpsideDown UIInterfaceOrientationLandscapeLeft UIInterfaceOrientationLandscapeRight";
				INFOPLIST_KEY_UISupportedInterfaceOrientations_iPhone = "UIInterfaceOrientationPortrait UIInterfaceOrientationLandscapeLeft UIInterfaceOrientationLandscapeRight";
				LD_RUNPATH_SEARCH_PATHS = (
					"$(inherited)",
					"@executable_path/Frameworks",
				);
				MARKETING_VERSION = 1.0;
				PRODUCT_BUNDLE_IDENTIFIER = sinsinpurin.Timer;
				PRODUCT_NAME = "$(TARGET_NAME)";
				SWIFT_EMIT_LOC_STRINGS = YES;
				SWIFT_VERSION = 5.0;
				TARGETED_DEVICE_FAMILY = "1,2";
			};
			name = Debug;
		};
		15AFA8E62885CC210065415E /* Release */ = {
			isa = XCBuildConfiguration;
			buildSettings = {
				ASSETCATALOG_COMPILER_APPICON_NAME = AppIcon;
				ASSETCATALOG_COMPILER_GLOBAL_ACCENT_COLOR_NAME = AccentColor;
				CODE_SIGN_STYLE = Automatic;
				CURRENT_PROJECT_VERSION = 1;
				DEVELOPMENT_ASSET_PATHS = "\"StudySwiftUI/Preview Content\"";
				DEVELOPMENT_TEAM = H775UHZBPS;
				ENABLE_PREVIEWS = YES;
				GENERATE_INFOPLIST_FILE = YES;
				INFOPLIST_KEY_NSCameraUsageDescription = "QRCodeを読み取る為に使用します。";
				INFOPLIST_KEY_UIApplicationSceneManifest_Generation = YES;
				INFOPLIST_KEY_UIApplicationSupportsIndirectInputEvents = YES;
				INFOPLIST_KEY_UILaunchScreen_Generation = YES;
				INFOPLIST_KEY_UISupportedInterfaceOrientations_iPad = "UIInterfaceOrientationPortrait UIInterfaceOrientationPortraitUpsideDown UIInterfaceOrientationLandscapeLeft UIInterfaceOrientationLandscapeRight";
				INFOPLIST_KEY_UISupportedInterfaceOrientations_iPhone = "UIInterfaceOrientationPortrait UIInterfaceOrientationLandscapeLeft UIInterfaceOrientationLandscapeRight";
				LD_RUNPATH_SEARCH_PATHS = (
					"$(inherited)",
					"@executable_path/Frameworks",
				);
				MARKETING_VERSION = 1.0;
				PRODUCT_BUNDLE_IDENTIFIER = sinsinpurin.Timer;
				PRODUCT_NAME = "$(TARGET_NAME)";
				SWIFT_EMIT_LOC_STRINGS = YES;
				SWIFT_VERSION = 5.0;
				TARGETED_DEVICE_FAMILY = "1,2";
			};
			name = Release;
		};
/* End XCBuildConfiguration section */

/* Begin XCConfigurationList section */
		15AFA8D12885CC1F0065415E /* Build configuration list for PBXProject "StudySwiftUI" */ = {
			isa = XCConfigurationList;
			buildConfigurations = (
				15AFA8E22885CC210065415E /* Debug */,
				15AFA8E32885CC210065415E /* Release */,
			);
			defaultConfigurationIsVisible = 0;
			defaultConfigurationName = Release;
		};
		15AFA8E42885CC210065415E /* Build configuration list for PBXNativeTarget "StudySwiftUI" */ = {
			isa = XCConfigurationList;
			buildConfigurations = (
				15AFA8E52885CC210065415E /* Debug */,
				15AFA8E62885CC210065415E /* Release */,
			);
			defaultConfigurationIsVisible = 0;
			defaultConfigurationName = Release;
		};
/* End XCConfigurationList section */
	};
	rootObject = 15AFA8CE2885CC1F0065415E /* Project object */;
}
